Name:         istio-operator-lock
Namespace:    istio-system
Labels:       <none>
Annotations:  control-plane.alpha.kubernetes.io/leader:
                {"holderIdentity":"istio-operator-69678d7cfb-4krpv_02883c4e-09ab-4765-90ca-855280de1aec","leaseDurationSeconds":15,"acquireTime":"2021-05-...

Data
====
Events:
  Type    Reason          Age   From                                                                  Message
  ----    ------          ----  ----                                                                  -------
  Normal  LeaderElection  13m   istio-operator-69678d7cfb-4krpv_02883c4e-09ab-4765-90ca-855280de1aec  istio-operator-69678d7cfb-4krpv_02883c4e-09ab-4765-90ca-855280de1aec became leader

