Name:         istio-operator-lock
Namespace:    istio-system
Labels:       <none>
Annotations:  control-plane.alpha.kubernetes.io/leader:
                {"holderIdentity":"istio-operator-69678d7cfb-mrr8g_4f5ecf0e-dddb-42b4-9797-3013d323656e","leaseDurationSeconds":15,"acquireTime":"2021-05-...

Data
====
Events:
  Type    Reason          Age   From                                                                  Message
  ----    ------          ----  ----                                                                  -------
  Normal  LeaderElection  48m   istio-operator-69678d7cfb-mrr8g_4f5ecf0e-dddb-42b4-9797-3013d323656e  istio-operator-69678d7cfb-mrr8g_4f5ecf0e-dddb-42b4-9797-3013d323656e became leader

