Name:         istio-operator-lock
Namespace:    istio-system
Labels:       <none>
Annotations:  control-plane.alpha.kubernetes.io/leader:
                {"holderIdentity":"istio-operator-69678d7cfb-xgchc_fc443427-b9fc-42f4-bcb8-ad556baa22a3","leaseDurationSeconds":15,"acquireTime":"2021-05-...

Data
====
Events:  <none>

