Name:         istio-operator-lock
Namespace:    istio-system
Labels:       <none>
Annotations:  control-plane.alpha.kubernetes.io/leader:
                {"holderIdentity":"istio-operator-69678d7cfb-mwrj9_4934212f-000a-4515-9d25-e90fe762b32e","leaseDurationSeconds":15,"acquireTime":"2021-05-...

Data
====
Events:
  Type    Reason          Age   From                                                                  Message
  ----    ------          ----  ----                                                                  -------
  Normal  LeaderElection  54m   istio-operator-69678d7cfb-mwrj9_4934212f-000a-4515-9d25-e90fe762b32e  istio-operator-69678d7cfb-mwrj9_4934212f-000a-4515-9d25-e90fe762b32e became leader

