Name:         istio-operator-lock
Namespace:    istio-system
Labels:       <none>
Annotations:  control-plane.alpha.kubernetes.io/leader:
                {"holderIdentity":"istio-operator-69678d7cfb-jpvbj_84314171-66d3-4d9f-9b6a-e963b7cfee92","leaseDurationSeconds":15,"acquireTime":"2021-04-...

Data
====
Events:
  Type    Reason          Age   From                                                                  Message
  ----    ------          ----  ----                                                                  -------
  Normal  LeaderElection  20m   istio-operator-69678d7cfb-jpvbj_84314171-66d3-4d9f-9b6a-e963b7cfee92  istio-operator-69678d7cfb-jpvbj_84314171-66d3-4d9f-9b6a-e963b7cfee92 became leader

