Name:         istio-operator-lock
Namespace:    istio-system
Labels:       <none>
Annotations:  control-plane.alpha.kubernetes.io/leader:
                {"holderIdentity":"istio-operator-69678d7cfb-vvqxt_667ae83c-f63a-4d82-9b15-5dd562082a93","leaseDurationSeconds":15,"acquireTime":"2021-06-...

Data
====
Events:
  Type    Reason          Age   From                                                                  Message
  ----    ------          ----  ----                                                                  -------
  Normal  LeaderElection  22m   istio-operator-69678d7cfb-vvqxt_667ae83c-f63a-4d82-9b15-5dd562082a93  istio-operator-69678d7cfb-vvqxt_667ae83c-f63a-4d82-9b15-5dd562082a93 became leader

