Name:         istio-operator-lock
Namespace:    istio-system
Labels:       <none>
Annotations:  control-plane.alpha.kubernetes.io/leader:
                {"holderIdentity":"istio-operator-69678d7cfb-tf8cr_545dc31f-aa9f-4b2b-8afe-6bb2a4fcac16","leaseDurationSeconds":15,"acquireTime":"2021-06-...

Data
====
Events:  <none>

