Name:         istio-operator-lock
Namespace:    istio-system
Labels:       <none>
Annotations:  control-plane.alpha.kubernetes.io/leader:
                {"holderIdentity":"istio-operator-69678d7cfb-g8656_2d2322f1-e5fe-43dc-bd61-b860c6003fe8","leaseDurationSeconds":15,"acquireTime":"2021-06-...

Data
====
Events:
  Type    Reason          Age   From                                                                  Message
  ----    ------          ----  ----                                                                  -------
  Normal  LeaderElection  11m   istio-operator-69678d7cfb-g8656_2d2322f1-e5fe-43dc-bd61-b860c6003fe8  istio-operator-69678d7cfb-g8656_2d2322f1-e5fe-43dc-bd61-b860c6003fe8 became leader

