Name:         istio-operator-lock
Namespace:    istio-system
Labels:       <none>
Annotations:  control-plane.alpha.kubernetes.io/leader:
                {"holderIdentity":"istio-operator-69678d7cfb-2qj8x_9a4d128a-c767-42fe-973f-a19eb34e8259","leaseDurationSeconds":15,"acquireTime":"2021-05-...

Data
====
Events:
  Type    Reason          Age   From                                                                  Message
  ----    ------          ----  ----                                                                  -------
  Normal  LeaderElection  13m   istio-operator-69678d7cfb-2qj8x_9a4d128a-c767-42fe-973f-a19eb34e8259  istio-operator-69678d7cfb-2qj8x_9a4d128a-c767-42fe-973f-a19eb34e8259 became leader

